{
  "name": "temur-playground",
  "version": "1.0.0",
  "lockfileVersion": 3,
  "requires": true,
  "packages": {
    "": {
      "name": "temur-playground",
      "version": "1.0.0",
      "license": "ISC",
      "dependencies": {
        "@xterm/xterm": "6.0.0",
        "v86": "0.5.458"
      }
    },
    "node_modules/@xterm/xterm": {
      "version": "6.0.0",
      "resolved": "https://registry.npmjs.org/@xterm/xterm/-/xterm-6.0.0.tgz",
      "integrity": "sha512-TQwDdQGtwwDt+2cgKDLn0IRaSxYu1tSUjgKarSDkUM0ZNiSRXFpjxEsvc/Zgc5kq5omJ+V0a8/kIM2WD3sMOYg==",
      "license": "MIT",
      "workspaces": [
        "addons/*"
      ]
    },
    "node_modules/v86": {
      "version": "0.5.458",
      "resolved": "https://registry.npmjs.org/v86/-/v86-0.5.458.tgz",
      "integrity": "sha512-ixQE0RyfjMgrBvx5O+kq1AXPZwhUJVqD5Vhl2LBm8L4jgV2fVczYalbG4thu0vWSl42Q71DOwjIl5Y8mZHNpyA==",
      "license": "BSD-2-Clause"
    }
  }
}
